// !$*UTF8*$!
{
	archiveVersion = 1;
	classes = {
	};
	objectVersion = 46;
	objects = {

/* Begin PBXBuildFile section */
		D6416A3E1A17F28500483683 /* main.m in Sources */ = {isa = PBXBuildFile; fileRef = D6416A3D1A17F28500483683 /* main.m */; };
		D6416A411A17F28500483683 /* AppDelegate.m in Sources */ = {isa = PBXBuildFile; fileRef = D6416A401A17F28500483683 /* AppDelegate.m */; };
		D6416A441A17F28500483683 /* ViewController.m in Sources */ = {isa = PBXBuildFile; fileRef = D6416A431A17F28500483683 /* ViewController.m */; };
		D6416A471A17F28500483683 /* Main.storyboard in Resources */ = {isa = PBXBuildFile; fileRef = D6416A451A17F28500483683 /* Main.storyboard */; };
		D6416A491A17F28500483683 /* Images.xcassets in Resources */ = {isa = PBXBuildFile; fileRef = D6416A481A17F28500483683 /* Images.xcassets */; };
		D6416A4C1A17F28500483683 /* LaunchScreen.xib in Resources */ = {isa = PBXBuildFile; fileRef = D6416A4A1A17F28500483683 /* LaunchScreen.xib */; };
		D6416A581A17F28500483683 /* JABTests.m in Sources */ = {isa = PBXBuildFile; fileRef = D6416A571A17F28500483683 /* JABTests.m */; };
		D6416A661A1803F500483683 /* AppDataManager.m in Sources */ = {isa = PBXBuildFile; fileRef = D6416A651A1803F500483683 /* AppDataManager.m */; };
		D6416A7B1A181BB200483683 /* AFHTTPClient.m in Sources */ = {isa = PBXBuildFile; fileRef = D6416A691A181BB200483683 /* AFHTTPClient.m */; };
		D6416A7C1A181BB200483683 /* AFHTTPRequestOperation.m in Sources */ = {isa = PBXBuildFile; fileRef = D6416A6B1A181BB200483683 /* AFHTTPRequestOperation.m */; };
		D6416A7D1A181BB200483683 /* AFImageRequestOperation.m in Sources */ = {isa = PBXBuildFile; fileRef = D6416A6D1A181BB200483683 /* AFImageRequestOperation.m */; };
		D6416A7E1A181BB200483683 /* AFJSONRequestOperation.m in Sources */ = {isa = PBXBuildFile; fileRef = D6416A6F1A181BB200483683 /* AFJSONRequestOperation.m */; };
		D6416A7F1A181BB200483683 /* AFNetworkActivityIndicatorManager.m in Sources */ = {isa = PBXBuildFile; fileRef = D6416A711A181BB200483683 /* AFNetworkActivityIndicatorManager.m */; };
		D6416A801A181BB200483683 /* AFPropertyListRequestOperation.m in Sources */ = {isa = PBXBuildFile; fileRef = D6416A741A181BB200483683 /* AFPropertyListRequestOperation.m */; };
		D6416A811A181BB200483683 /* AFURLConnectionOperation.m in Sources */ = {isa = PBXBuildFile; fileRef = D6416A761A181BB200483683 /* AFURLConnectionOperation.m */; };
		D6416A821A181BB200483683 /* AFXMLRequestOperation.m in Sources */ = {isa = PBXBuildFile; fileRef = D6416A781A181BB200483683 /* AFXMLRequestOperation.m */; };
		D6416A831A181BB200483683 /* UIImageView+AFNetworking.m in Sources */ = {isa = PBXBuildFile; fileRef = D6416A7A1A181BB200483683 /* UIImageView+AFNetworking.m */; };
		D6416A861A184DDC00483683 /* SystemConfiguration.framework in Frameworks */ = {isa = PBXBuildFile; fileRef = D6416A851A184DDC00483683 /* SystemConfiguration.framework */; };
		D6416A881A18509600483683 /* MobileCoreServices.framework in Frameworks */ = {isa = PBXBuildFile; fileRef = D6416A871A18509600483683 /* MobileCoreServices.framework */; };
		D6416A8A1A1850B800483683 /* Foundation.framework in Frameworks */ = {isa = PBXBuildFile; fileRef = D6416A891A1850B800483683 /* Foundation.framework */; };
		D6416A8C1A1850D800483683 /* UIKit.framework in Frameworks */ = {isa = PBXBuildFile; fileRef = D6416A8B1A1850D800483683 /* UIKit.framework */; };
/* End PBXBuildFile section */

/* Begin PBXContainerItemProxy section */
		D6416A521A17F28500483683 /* PBXContainerItemProxy */ = {
			isa = PBXContainerItemProxy;
			containerPortal = D6416A301A17F28500483683 /* Project object */;
			proxyType = 1;
			remoteGlobalIDString = D6416A371A17F28500483683;
			remoteInfo = JAB;
		};
/* End PBXContainerItemProxy section */

/* Begin PBXFileReference section */
		D6416A381A17F28500483683 /* JAB.app */ = {isa = PBXFileReference; explicitFileType = wrapper.application; includeInIndex = 0; path = JAB.app; sourceTree = BUILT_PRODUCTS_DIR; };
		D6416A3C1A17F28500483683 /* Info.plist */ = {isa = PBXFileReference; lastKnownFileType = text.plist.xml; path = Info.plist; sourceTree = "<group>"; };
		D6416A3D1A17F28500483683 /* main.m */ = {isa = PBXFileReference; lastKnownFileType = sourcecode.c.objc; path = main.m; sourceTree = "<group>"; };
		D6416A3F1A17F28500483683 /* AppDelegate.h */ = {isa = PBXFileReference; lastKnownFileType = sourcecode.c.h; path = AppDelegate.h; sourceTree = "<group>"; };
		D6416A401A17F28500483683 /* AppDelegate.m */ = {isa = PBXFileReference; lastKnownFileType = sourcecode.c.objc; path = AppDelegate.m; sourceTree = "<group>"; };
		D6416A421A17F28500483683 /* ViewController.h */ = {isa = PBXFileReference; lastKnownFileType = sourcecode.c.h; path = ViewController.h; sourceTree = "<group>"; };
		D6416A431A17F28500483683 /* ViewController.m */ = {isa = PBXFileReference; lastKnownFileType = sourcecode.c.objc; path = ViewController.m; sourceTree = "<group>"; };
		D6416A461A17F28500483683 /* Base */ = {isa = PBXFileReference; lastKnownFileType = file.storyboard; name = Base; path = Base.lproj/Main.storyboard; sourceTree = "<group>"; };
		D6416A481A17F28500483683 /* Images.xcassets */ = {isa = PBXFileReference; lastKnownFileType = folder.assetcatalog; path = Images.xcassets; sourceTree = "<group>"; };
		D6416A4B1A17F28500483683 /* Base */ = {isa = PBXFileReference; lastKnownFileType = file.xib; name = Base; path = Base.lproj/LaunchScreen.xib; sourceTree = "<group>"; };
		D6416A511A17F28500483683 /* JABTests.xctest */ = {isa = PBXFileReference; explicitFileType = wrapper.cfbundle; includeInIndex = 0; path = JABTests.xctest; sourceTree = BUILT_PRODUCTS_DIR; };
		D6416A561A17F28500483683 /* Info.plist */ = {isa = PBXFileReference; lastKnownFileType = text.plist.xml; path = Info.plist; sourceTree = "<group>"; };
		D6416A571A17F28500483683 /* JABTests.m */ = {isa = PBXFileReference; lastKnownFileType = sourcecode.c.objc; path = JABTests.m; sourceTree = "<group>"; };
		D6416A641A1803F500483683 /* AppDataManager.h */ = {isa = PBXFileReference; fileEncoding = 4; lastKnownFileType = sourcecode.c.h; path = AppDataManager.h; sourceTree = "<group>"; };
		D6416A651A1803F500483683 /* AppDataManager.m */ = {isa = PBXFileReference; fileEncoding = 4; lastKnownFileType = sourcecode.c.objc; path = AppDataManager.m; sourceTree = "<group>"; };
		D6416A681A181BB200483683 /* AFHTTPClient.h */ = {isa = PBXFileReference; fileEncoding = 4; lastKnownFileType = sourcecode.c.h; path = AFHTTPClient.h; sourceTree = "<group>"; };
		D6416A691A181BB200483683 /* AFHTTPClient.m */ = {isa = PBXFileReference; fileEncoding = 4; lastKnownFileType = sourcecode.c.objc; path = AFHTTPClient.m; sourceTree = "<group>"; };
		D6416A6A1A181BB200483683 /* AFHTTPRequestOperation.h */ = {isa = PBXFileReference; fileEncoding = 4; lastKnownFileType = sourcecode.c.h; path = AFHTTPRequestOperation.h; sourceTree = "<group>"; };
		D6416A6B1A181BB200483683 /* AFHTTPRequestOperation.m */ = {isa = PBXFileReference; fileEncoding = 4; lastKnownFileType = sourcecode.c.objc; path = AFHTTPRequestOperation.m; sourceTree = "<group>"; };
		D6416A6C1A181BB200483683 /* AFImageRequestOperation.h */ = {isa = PBXFileReference; fileEncoding = 4; lastKnownFileType = sourcecode.c.h; path = AFImageRequestOperation.h; sourceTree = "<group>"; };
		D6416A6D1A181BB200483683 /* AFImageRequestOperation.m */ = {isa = PBXFileReference; fileEncoding = 4; lastKnownFileType = sourcecode.c.objc; path = AFImageRequestOperation.m; sourceTree = "<group>"; };
		D6416A6E1A181BB200483683 /* AFJSONRequestOperation.h */ = {isa = PBXFileReference; fileEncoding = 4; lastKnownFileType = sourcecode.c.h; path = AFJSONRequestOperation.h; sourceTree = "<group>"; };
		D6416A6F1A181BB200483683 /* AFJSONRequestOperation.m */ = {isa = PBXFileReference; fileEncoding = 4; lastKnownFileType = sourcecode.c.objc; path = AFJSONRequestOperation.m; sourceTree = "<group>"; };
		D6416A701A181BB200483683 /* AFNetworkActivityIndicatorManager.h */ = {isa = PBXFileReference; fileEncoding = 4; lastKnownFileType = sourcecode.c.h; path = AFNetworkActivityIndicatorManager.h; sourceTree = "<group>"; };
		D6416A711A181BB200483683 /* AFNetworkActivityIndicatorManager.m */ = {isa = PBXFileReference; fileEncoding = 4; lastKnownFileType = sourcecode.c.objc; path = AFNetworkActivityIndicatorManager.m; sourceTree = "<group>"; };
		D6416A721A181BB200483683 /* AFNetworking.h */ = {isa = PBXFileReference; fileEncoding = 4; lastKnownFileType = sourcecode.c.h; path = AFNetworking.h; sourceTree = "<group>"; };
		D6416A731A181BB200483683 /* AFPropertyListRequestOperation.h */ = {isa = PBXFileReference; fileEncoding = 4; lastKnownFileType = sourcecode.c.h; path = AFPropertyListRequestOperation.h; sourceTree = "<group>"; };
		D6416A741A181BB200483683 /* AFPropertyListRequestOperation.m */ = {isa = PBXFileReference; fileEncoding = 4; lastKnownFileType = sourcecode.c.objc; path = AFPropertyListRequestOperation.m; sourceTree = "<group>"; };
		D6416A751A181BB200483683 /* AFURLConnectionOperation.h */ = {isa = PBXFileReference; fileEncoding = 4; lastKnownFileType = sourcecode.c.h; path = AFURLConnectionOperation.h; sourceTree = "<group>"; };
		D6416A761A181BB200483683 /* AFURLConnectionOperation.m */ = {isa = PBXFileReference; fileEncoding = 4; lastKnownFileType = sourcecode.c.objc; path = AFURLConnectionOperation.m; sourceTree = "<group>"; };
		D6416A771A181BB200483683 /* AFXMLRequestOperation.h */ = {isa = PBXFileReference; fileEncoding = 4; lastKnownFileType = sourcecode.c.h; path = AFXMLRequestOperation.h; sourceTree = "<group>"; };
		D6416A781A181BB200483683 /* AFXMLRequestOperation.m */ = {isa = PBXFileReference; fileEncoding = 4; lastKnownFileType = sourcecode.c.objc; path = AFXMLRequestOperation.m; sourceTree = "<group>"; };
		D6416A791A181BB200483683 /* UIImageView+AFNetworking.h */ = {isa = PBXFileReference; fileEncoding = 4; lastKnownFileType = sourcecode.c.h; path = "UIImageView+AFNetworking.h"; sourceTree = "<group>"; };
		D6416A7A1A181BB200483683 /* UIImageView+AFNetworking.m */ = {isa = PBXFileReference; fileEncoding = 4; lastKnownFileType = sourcecode.c.objc; path = "UIImageView+AFNetworking.m"; sourceTree = "<group>"; };
		D6416A851A184DDC00483683 /* SystemConfiguration.framework */ = {isa = PBXFileReference; lastKnownFileType = wrapper.framework; name = SystemConfiguration.framework; path = System/Library/Frameworks/SystemConfiguration.framework; sourceTree = SDKROOT; };
		D6416A871A18509600483683 /* MobileCoreServices.framework */ = {isa = PBXFileReference; lastKnownFileType = wrapper.framework; name = MobileCoreServices.framework; path = System/Library/Frameworks/MobileCoreServices.framework; sourceTree = SDKROOT; };
		D6416A891A1850B800483683 /* Foundation.framework */ = {isa = PBXFileReference; lastKnownFileType = wrapper.framework; name = Foundation.framework; path = System/Library/Frameworks/Foundation.framework; sourceTree = SDKROOT; };
		D6416A8B1A1850D800483683 /* UIKit.framework */ = {isa = PBXFileReference; lastKnownFileType = wrapper.framework; name = UIKit.framework; path = System/Library/Frameworks/UIKit.framework; sourceTree = SDKROOT; };
/* End PBXFileReference section */

/* Begin PBXFrameworksBuildPhase section */
		D6416A351A17F28500483683 /* Frameworks */ = {
			isa = PBXFrameworksBuildPhase;
			buildActionMask = 2147483647;
			files = (
				D6416A8C1A1850D800483683 /* UIKit.framework in Frameworks */,
				D6416A8A1A1850B800483683 /* Foundation.framework in Frameworks */,
				D6416A881A18509600483683 /* MobileCoreServices.framework in Frameworks */,
				D6416A861A184DDC00483683 /* SystemConfiguration.framework in Frameworks */,
			);
			runOnlyForDeploymentPostprocessing = 0;
		};
		D6416A4E1A17F28500483683 /* Frameworks */ = {
			isa = PBXFrameworksBuildPhase;
			buildActionMask = 2147483647;
			files = (
			);
			runOnlyForDeploymentPostprocessing = 0;
		};
/* End PBXFrameworksBuildPhase section */

/* Begin PBXGroup section */
		D6416A2F1A17F28500483683 = {
			isa = PBXGroup;
			children = (
				D6416A8B1A1850D800483683 /* UIKit.framework */,
				D6416A891A1850B800483683 /* Foundation.framework */,
				D6416A871A18509600483683 /* MobileCoreServices.framework */,
				D6416A851A184DDC00483683 /* SystemConfiguration.framework */,
				D6416A671A181BB200483683 /* AFNetworking */,
				D6416A3A1A17F28500483683 /* JAB */,
				D6416A541A17F28500483683 /* JABTests */,
				D6416A391A17F28500483683 /* Products */,
			);
			sourceTree = "<group>";
		};
		D6416A391A17F28500483683 /* Products */ = {
			isa = PBXGroup;
			children = (
				D6416A381A17F28500483683 /* JAB.app */,
				D6416A511A17F28500483683 /* JABTests.xctest */,
			);
			name = Products;
			sourceTree = "<group>";
		};
		D6416A3A1A17F28500483683 /* JAB */ = {
			isa = PBXGroup;
			children = (
				D6416A3F1A17F28500483683 /* AppDelegate.h */,
				D6416A401A17F28500483683 /* AppDelegate.m */,
				D6416A421A17F28500483683 /* ViewController.h */,
				D6416A431A17F28500483683 /* ViewController.m */,
				D6416A641A1803F500483683 /* AppDataManager.h */,
				D6416A651A1803F500483683 /* AppDataManager.m */,
				D6416A451A17F28500483683 /* Main.storyboard */,
				D6416A481A17F28500483683 /* Images.xcassets */,
				D6416A4A1A17F28500483683 /* LaunchScreen.xib */,
				D6416A3B1A17F28500483683 /* Supporting Files */,
			);
			path = JAB;
			sourceTree = "<group>";
		};
		D6416A3B1A17F28500483683 /* Supporting Files */ = {
			isa = PBXGroup;
			children = (
				D6416A3C1A17F28500483683 /* Info.plist */,
				D6416A3D1A17F28500483683 /* main.m */,
			);
			name = "Supporting Files";
			sourceTree = "<group>";
		};
		D6416A541A17F28500483683 /* JABTests */ = {
			isa = PBXGroup;
			children = (
				D6416A571A17F28500483683 /* JABTests.m */,
				D6416A551A17F28500483683 /* Supporting Files */,
			);
			path = JABTests;
			sourceTree = "<group>";
		};
		D6416A551A17F28500483683 /* Supporting Files */ = {
			isa = PBXGroup;
			children = (
				D6416A561A17F28500483683 /* Info.plist */,
			);
			name = "Supporting Files";
			sourceTree = "<group>";
		};
		D6416A671A181BB200483683 /* AFNetworking */ = {
			isa = PBXGroup;
			children = (
				D6416A681A181BB200483683 /* AFHTTPClient.h */,
				D6416A691A181BB200483683 /* AFHTTPClient.m */,
				D6416A6A1A181BB200483683 /* AFHTTPRequestOperation.h */,
				D6416A6B1A181BB200483683 /* AFHTTPRequestOperation.m */,
				D6416A6C1A181BB200483683 /* AFImageRequestOperation.h */,
				D6416A6D1A181BB200483683 /* AFImageRequestOperation.m */,
				D6416A6E1A181BB200483683 /* AFJSONRequestOperation.h */,
				D6416A6F1A181BB200483683 /* AFJSONRequestOperation.m */,
				D6416A701A181BB200483683 /* AFNetworkActivityIndicatorManager.h */,
				D6416A711A181BB200483683 /* AFNetworkActivityIndicatorManager.m */,
				D6416A721A181BB200483683 /* AFNetworking.h */,
				D6416A731A181BB200483683 /* AFPropertyListRequestOperation.h */,
				D6416A741A181BB200483683 /* AFPropertyListRequestOperation.m */,
				D6416A751A181BB200483683 /* AFURLConnectionOperation.h */,
				D6416A761A181BB200483683 /* AFURLConnectionOperation.m */,
				D6416A771A181BB200483683 /* AFXMLRequestOperation.h */,
				D6416A781A181BB200483683 /* AFXMLRequestOperation.m */,
				D6416A791A181BB200483683 /* UIImageView+AFNetworking.h */,
				D6416A7A1A181BB200483683 /* UIImageView+AFNetworking.m */,
			);
			path = AFNetworking;
			sourceTree = "<group>";
		};
/* End PBXGroup section */

/* Begin PBXNativeTarget section */
		D6416A371A17F28500483683 /* JAB */ = {
			isa = PBXNativeTarget;
			buildConfigurationList = D6416A5B1A17F28500483683 /* Build configuration list for PBXNativeTarget "JAB" */;
			buildPhases = (
				D6416A341A17F28500483683 /* Sources */,
				D6416A351A17F28500483683 /* Frameworks */,
				D6416A361A17F28500483683 /* Resources */,
			);
			buildRules = (
			);
			dependencies = (
			);
			name = JAB;
			productName = JAB;
			productReference = D6416A381A17F28500483683 /* JAB.app */;
			productType = "com.apple.product-type.application";
		};
		D6416A501A17F28500483683 /* JABTests */ = {
			isa = PBXNativeTarget;
			buildConfigurationList = D6416A5E1A17F28500483683 /* Build configuration list for PBXNativeTarget "JABTests" */;
			buildPhases = (
				D6416A4D1A17F28500483683 /* Sources */,
				D6416A4E1A17F28500483683 /* Frameworks */,
				D6416A4F1A17F28500483683 /* Resources */,
			);
			buildRules = (
			);
			dependencies = (
				D6416A531A17F28500483683 /* PBXTargetDependency */,
			);
			name = JABTests;
			productName = JABTests;
			productReference = D6416A511A17F28500483683 /* JABTests.xctest */;
			productType = "com.apple.product-type.bundle.unit-test";
		};
/* End PBXNativeTarget section */

/* Begin PBXProject section */
		D6416A301A17F28500483683 /* Project object */ = {
			isa = PBXProject;
			attributes = {
				LastUpgradeCheck = 0610;
				ORGANIZATIONNAME = JAB;
				TargetAttributes = {
					D6416A371A17F28500483683 = {
						CreatedOnToolsVersion = 6.1;
					};
					D6416A501A17F28500483683 = {
						CreatedOnToolsVersion = 6.1;
						TestTargetID = D6416A371A17F28500483683;
					};
				};
			};
			buildConfigurationList = D6416A331A17F28500483683 /* Build configuration list for PBXProject "JAB" */;
			compatibilityVersion = "Xcode 3.2";
			developmentRegion = English;
			hasScannedForEncodings = 0;
			knownRegions = (
				en,
				Base,
			);
			mainGroup = D6416A2F1A17F28500483683;
			productRefGroup = D6416A391A17F28500483683 /* Products */;
			projectDirPath = "";
			projectRoot = "";
			targets = (
				D6416A371A17F28500483683 /* JAB */,
				D6416A501A17F28500483683 /* JABTests */,
			);
		};
/* End PBXProject section */

/* Begin PBXResourcesBuildPhase section */
		D6416A361A17F28500483683 /* Resources */ = {
			isa = PBXResourcesBuildPhase;
			buildActionMask = 2147483647;
			files = (
				D6416A471A17F28500483683 /* Main.storyboard in Resources */,
				D6416A4C1A17F28500483683 /* LaunchScreen.xib in Resources */,
				D6416A491A17F28500483683 /* Images.xcassets in Resources */,
			);
			runOnlyForDeploymentPostprocessing = 0;
		};
		D6416A4F1A17F28500483683 /* Resources */ = {
			isa = PBXResourcesBuildPhase;
			buildActionMask = 2147483647;
			files = (
			);
			runOnlyForDeploymentPostprocessing = 0;
		};
/* End PBXResourcesBuildPhase section */

/* Begin PBXSourcesBuildPhase section */
		D6416A341A17F28500483683 /* Sources */ = {
			isa = PBXSourcesBuildPhase;
			buildActionMask = 2147483647;
			files = (
				D6416A811A181BB200483683 /* AFURLConnectionOperation.m in Sources */,
				D6416A831A181BB200483683 /* UIImageView+AFNetworking.m in Sources */,
				D6416A7D1A181BB200483683 /* AFImageRequestOperation.m in Sources */,
				D6416A7C1A181BB200483683 /* AFHTTPRequestOperation.m in Sources */,
				D6416A7B1A181BB200483683 /* AFHTTPClient.m in Sources */,
				D6416A821A181BB200483683 /* AFXMLRequestOperation.m in Sources */,
				D6416A441A17F28500483683 /* ViewController.m in Sources */,
				D6416A411A17F28500483683 /* AppDelegate.m in Sources */,
				D6416A3E1A17F28500483683 /* main.m in Sources */,
				D6416A7E1A181BB200483683 /* AFJSONRequestOperation.m in Sources */,
				D6416A661A1803F500483683 /* AppDataManager.m in Sources */,
				D6416A801A181BB200483683 /* AFPropertyListRequestOperation.m in Sources */,
				D6416A7F1A181BB200483683 /* AFNetworkActivityIndicatorManager.m in Sources */,
			);
			runOnlyForDeploymentPostprocessing = 0;
		};
		D6416A4D1A17F28500483683 /* Sources */ = {
			isa = PBXSourcesBuildPhase;
			buildActionMask = 2147483647;
			files = (
				D6416A581A17F28500483683 /* JABTests.m in Sources */,
			);
			runOnlyForDeploymentPostprocessing = 0;
		};
/* End PBXSourcesBuildPhase section */

/* Begin PBXTargetDependency section */
		D6416A531A17F28500483683 /* PBXTargetDependency */ = {
			isa = PBXTargetDependency;
			target = D6416A371A17F28500483683 /* JAB */;
			targetProxy = D6416A521A17F28500483683 /* PBXContainerItemProxy */;
		};
/* End PBXTargetDependency section */

/* Begin PBXVariantGroup section */
		D6416A451A17F28500483683 /* Main.storyboard */ = {
			isa = PBXVariantGroup;
			children = (
				D6416A461A17F28500483683 /* Base */,
			);
			name = Main.storyboard;
			sourceTree = "<group>";
		};
		D6416A4A1A17F28500483683 /* LaunchScreen.xib */ = {
			isa = PBXVariantGroup;
			children = (
				D6416A4B1A17F28500483683 /* Base */,
			);
			name = LaunchScreen.xib;
			sourceTree = "<group>";
		};
/* End PBXVariantGroup section */

/* Begin XCBuildConfiguration section */
		D6416A591A17F28500483683 /* Debug */ = {
			isa = XCBuildConfiguration;
			buildSettings = {
				ALWAYS_SEARCH_USER_PATHS = NO;
				CLANG_CXX_LANGUAGE_STANDARD = "gnu++0x";
				CLANG_CXX_LIBRARY = "libc++";
				CLANG_ENABLE_MODULES = YES;
				CLANG_ENABLE_OBJC_ARC = YES;
				CLANG_WARN_BOOL_CONVERSION = YES;
				CLANG_WARN_CONSTANT_CONVERSION = YES;
				CLANG_WARN_DIRECT_OBJC_ISA_USAGE = YES_ERROR;
				CLANG_WARN_EMPTY_BODY = YES;
				CLANG_WARN_ENUM_CONVERSION = YES;
				CLANG_WARN_INT_CONVERSION = YES;
				CLANG_WARN_OBJC_ROOT_CLASS = YES_ERROR;
				CLANG_WARN_UNREACHABLE_CODE = YES;
				CLANG_WARN__DUPLICATE_METHOD_MATCH = YES;
				"CODE_SIGN_IDENTITY[sdk=iphoneos*]" = "iPhone Developer";
				COPY_PHASE_STRIP = NO;
				ENABLE_STRICT_OBJC_MSGSEND = YES;
				GCC_C_LANGUAGE_STANDARD = gnu99;
				GCC_DYNAMIC_NO_PIC = NO;
				GCC_OPTIMIZATION_LEVEL = 0;
				GCC_PREPROCESSOR_DEFINITIONS = (
					"DEBUG=1",
					"$(inherited)",
				);
				GCC_SYMBOLS_PRIVATE_EXTERN = NO;
				GCC_WARN_64_TO_32_BIT_CONVERSION = YES;
				GCC_WARN_ABOUT_RETURN_TYPE = YES_ERROR;
				GCC_WARN_UNDECLARED_SELECTOR = YES;
				GCC_WARN_UNINITIALIZED_AUTOS = YES_AGGRESSIVE;
				GCC_WARN_UNUSED_FUNCTION = YES;
				GCC_WARN_UNUSED_VARIABLE = YES;
				IPHONEOS_DEPLOYMENT_TARGET = 8.1;
				MTL_ENABLE_DEBUG_INFO = YES;
				ONLY_ACTIVE_ARCH = YES;
				SDKROOT = iphoneos;
				TARGETED_DEVICE_FAMILY = "1,2";
			};
			name = Debug;
		};
		D6416A5A1A17F28500483683 /* Release */ = {
			isa = XCBuildConfiguration;
			buildSettings = {
				ALWAYS_SEARCH_USER_PATHS = NO;
				CLANG_CXX_LANGUAGE_STANDARD = "gnu++0x";
				CLANG_CXX_LIBRARY = "libc++";
				CLANG_ENABLE_MODULES = YES;
				CLANG_ENABLE_OBJC_ARC = YES;
				CLANG_WARN_BOOL_CONVERSION = YES;
				CLANG_WARN_CONSTANT_CONVERSION = YES;
				CLANG_WARN_DIRECT_OBJC_ISA_USAGE = YES_ERROR;
				CLANG_WARN_EMPTY_BODY = YES;
				CLANG_WARN_ENUM_CONVERSION = YES;
				CLANG_WARN_INT_CONVERSION = YES;
				CLANG_WARN_OBJC_ROOT_CLASS = YES_ERROR;
				CLANG_WARN_UNREACHABLE_CODE = YES;
				CLANG_WARN__DUPLICATE_METHOD_MATCH = YES;
				"CODE_SIGN_IDENTITY[sdk=iphoneos*]" = "iPhone Developer";
				COPY_PHASE_STRIP = YES;
				ENABLE_NS_ASSERTIONS = NO;
				ENABLE_STRICT_OBJC_MSGSEND = YES;
				GCC_C_LANGUAGE_STANDARD = gnu99;
				GCC_WARN_64_TO_32_BIT_CONVERSION = YES;
				GCC_WARN_ABOUT_RETURN_TYPE = YES_ERROR;
				GCC_WARN_UNDECLARED_SELECTOR = YES;
				GCC_WARN_UNINITIALIZED_AUTOS = YES_AGGRESSIVE;
				GCC_WARN_UNUSED_FUNCTION = YES;
				GCC_WARN_UNUSED_VARIABLE = YES;
				IPHONEOS_DEPLOYMENT_TARGET = 8.1;
				MTL_ENABLE_DEBUG_INFO = NO;
				SDKROOT = iphoneos;
				TARGETED_DEVICE_FAMILY = "1,2";
				VALIDATE_PRODUCT = YES;
			};
			name = Release;
		};
		D6416A5C1A17F28500483683 /* Debug */ = {
			isa = XCBuildConfiguration;
			buildSettings = {
				ASSETCATALOG_COMPILER_APPICON_NAME = AppIcon;
				INFOPLIST_FILE = JAB/Info.plist;
				LD_RUNPATH_SEARCH_PATHS = "$(inherited) @executable_path/Frameworks";
				PRODUCT_NAME = "$(TARGET_NAME)";
			};
			name = Debug;
		};
		D6416A5D1A17F28500483683 /* Release */ = {
			isa = XCBuildConfiguration;
			buildSettings = {
				ASSETCATALOG_COMPILER_APPICON_NAME = AppIcon;
				INFOPLIST_FILE = JAB/Info.plist;
				LD_RUNPATH_SEARCH_PATHS = "$(inherited) @executable_path/Frameworks";
				PRODUCT_NAME = "$(TARGET_NAME)";
			};
			name = Release;
		};
		D6416A5F1A17F28500483683 /* Debug */ = {
			isa = XCBuildConfiguration;
			buildSettings = {
				BUNDLE_LOADER = "$(TEST_HOST)";
				FRAMEWORK_SEARCH_PATHS = (
					"$(SDKROOT)/Developer/Library/Frameworks",
					"$(inherited)",
				);
				GCC_PREPROCESSOR_DEFINITIONS = (
					"DEBUG=1",
					"$(inherited)",
				);
				INFOPLIST_FILE = JABTests/Info.plist;
				LD_RUNPATH_SEARCH_PATHS = "$(inherited) @executable_path/Frameworks @loader_path/Frameworks";
				PRODUCT_NAME = "$(TARGET_NAME)";
				TEST_HOST = "$(BUILT_PRODUCTS_DIR)/JAB.app/JAB";
			};
			name = Debug;
		};
		D6416A601A17F28500483683 /* Release */ = {
			isa = XCBuildConfiguration;
			buildSettings = {
				BUNDLE_LOADER = "$(TEST_HOST)";
				FRAMEWORK_SEARCH_PATHS = (
					"$(SDKROOT)/Developer/Library/Frameworks",
					"$(inherited)",
				);
				INFOPLIST_FILE = JABTests/Info.plist;
				LD_RUNPATH_SEARCH_PATHS = "$(inherited) @executable_path/Frameworks @loader_path/Frameworks";
				PRODUCT_NAME = "$(TARGET_NAME)";
				TEST_HOST = "$(BUILT_PRODUCTS_DIR)/JAB.app/JAB";
			};
			name = Release;
		};
/* End XCBuildConfiguration section */

/* Begin XCConfigurationList section */
		D6416A331A17F28500483683 /* Build configuration list for PBXProject "JAB" */ = {
			isa = XCConfigurationList;
			buildConfigurations = (
				D6416A591A17F28500483683 /* Debug */,
				D6416A5A1A17F28500483683 /* Release */,
			);
			defaultConfigurationIsVisible = 0;
			defaultConfigurationName = Release;
		};
		D6416A5B1A17F28500483683 /* Build configuration list for PBXNativeTarget "JAB" */ = {
			isa = XCConfigurationList;
			buildConfigurations = (
				D6416A5C1A17F28500483683 /* Debug */,
				D6416A5D1A17F28500483683 /* Release */,
			);
			defaultConfigurationIsVisible = 0;
			defaultConfigurationName = Release;
		};
		D6416A5E1A17F28500483683 /* Build configuration list for PBXNativeTarget "JABTests" */ = {
			isa = XCConfigurationList;
			buildConfigurations = (
				D6416A5F1A17F28500483683 /* Debug */,
				D6416A601A17F28500483683 /* Release */,
			);
			defaultConfigurationIsVisible = 0;
			defaultConfigurationName = Release;
		};
/* End XCConfigurationList section */
	};
	rootObject = D6416A301A17F28500483683 /* Project object */;
}
